
Microsoft Visual Studio Solution File, Format Version 12.00
# Visual Studio 15
VisualStudioVersion = 15.0.28307.1062
MinimumVisualStudioVersion = 10.0.40219.1
Project("{00D1A9C2-B5F0-4AF3-8072-F6C62B433612}") = "DemoDatabase", "DemoDatabase\DemoDatabase.sqlproj", "{E19D7CDA-6453-40DC-881C-D5D398BE0E07}"
EndProject
Global
	GlobalSection(SolutionConfigurationPlatforms) = preSolution
		Debug|Any CPU = Debug|Any CPU
		Release|Any CPU = Release|Any CPU
	EndGlobalSection
	GlobalSection(ProjectConfigurationPlatforms) = postSolution
		{E19D7CDA-6453-40DC-881C-D5D398BE0E07}.Debug|Any CPU.ActiveCfg = Debug|Any CPU
		{E19D7CDA-6453-40DC-881C-D5D398BE0E07}.Debug|Any CPU.Build.0 = Debug|Any CPU
		{E19D7CDA-6453-40DC-881C-D5D398BE0E07}.Debug|Any CPU.Deploy.0 = Debug|Any CPU
		{E19D7CDA-6453-40DC-881C-D5D398BE0E07}.Release|Any CPU.ActiveCfg = Release|Any CPU
		{E19D7CDA-6453-40DC-881C-D5D398BE0E07}.Release|Any CPU.Build.0 = Release|Any CPU
		{E19D7CDA-6453-40DC-881C-D5D398BE0E07}.Release|Any CPU.Deploy.0 = Release|Any CPU
	EndGlobalSection
	GlobalSection(SolutionProperties) = preSolution
		HideSolutionNode = FALSE
	EndGlobalSection
	GlobalSection(ExtensibilityGlobals) = postSolution
		SolutionGuid = {B77D70F0-7F23-4273-8B29-05A0BE5C5594}
	EndGlobalSection
EndGlobal
